
Microsoft Visual Studio Solution File, Format Version 12.00
# Visual Studio 15
VisualStudioVersion = 15.0.26124.0
MinimumVisualStudioVersion = 15.0.26124.0
Project("{FAE04EC0-301F-11D3-BF4B-00C04F79EFBC}") = "OpenEvent.Test", "OpenEvent.Test\OpenEvent.Test.csproj", "{450B8014-AC5A-4CB7-9763-F6747869C372}"
EndProject
Project("{FAE04EC0-301F-11D3-BF4B-00C04F79EFBC}") = "OpenEvent.Web", "OpenEvent.Web\OpenEvent.Web.csproj", "{9E668052-2C0C-4B3D-929E-13DAF576C37F}"
EndProject
Global
	GlobalSection(SolutionConfigurationPlatforms) = preSolution
		Debug|Any CPU = Debug|Any CPU
		Debug|x64 = Debug|x64
		Debug|x86 = Debug|x86
		Release|Any CPU = Release|Any CPU
		Release|x64 = Release|x64
		Release|x86 = Release|x86
	EndGlobalSection
	GlobalSection(SolutionProperties) = preSolution
		HideSolutionNode = FALSE
	EndGlobalSection
	GlobalSection(ProjectConfigurationPlatforms) = postSolution
		{450B8014-AC5A-4CB7-9763-F6747869C372}.Debug|Any CPU.ActiveCfg = Debug|Any CPU
		{450B8014-AC5A-4CB7-9763-F6747869C372}.Debug|Any CPU.Build.0 = Debug|Any CPU
		{450B8014-AC5A-4CB7-9763-F6747869C372}.Debug|x64.ActiveCfg = Debug|Any CPU
		{450B8014-AC5A-4CB7-9763-F6747869C372}.Debug|x64.Build.0 = Debug|Any CPU
		{450B8014-AC5A-4CB7-9763-F6747869C372}.Debug|x86.ActiveCfg = Debug|Any CPU
		{450B8014-AC5A-4CB7-9763-F6747869C372}.Debug|x86.Build.0 = Debug|Any CPU
		{450B8014-AC5A-4CB7-9763-F6747869C372}.Release|Any CPU.ActiveCfg = Release|Any CPU
		{450B8014-AC5A-4CB7-9763-F6747869C372}.Release|Any CPU.Build.0 = Release|Any CPU
		{450B8014-AC5A-4CB7-9763-F6747869C372}.Release|x64.ActiveCfg = Release|Any CPU
		{450B8014-AC5A-4CB7-9763-F6747869C372}.Release|x64.Build.0 = Release|Any CPU
		{450B8014-AC5A-4CB7-9763-F6747869C372}.Release|x86.ActiveCfg = Release|Any CPU
		{450B8014-AC5A-4CB7-9763-F6747869C372}.Release|x86.Build.0 = Release|Any CPU
		{9E668052-2C0C-4B3D-929E-13DAF576C37F}.Debug|Any CPU.ActiveCfg = Debug|Any CPU
		{9E668052-2C0C-4B3D-929E-13DAF576C37F}.Debug|Any CPU.Build.0 = Debug|Any CPU
		{9E668052-2C0C-4B3D-929E-13DAF576C37F}.Debug|x64.ActiveCfg = Debug|Any CPU
		{9E668052-2C0C-4B3D-929E-13DAF576C37F}.Debug|x64.Build.0 = Debug|Any CPU
		{9E668052-2C0C-4B3D-929E-13DAF576C37F}.Debug|x86.ActiveCfg = Debug|Any CPU
		{9E668052-2C0C-4B3D-929E-13DAF576C37F}.Debug|x86.Build.0 = Debug|Any CPU
		{9E668052-2C0C-4B3D-929E-13DAF576C37F}.Release|Any CPU.ActiveCfg = Release|Any CPU
		{9E668052-2C0C-4B3D-929E-13DAF576C37F}.Release|Any CPU.Build.0 = Release|Any CPU
		{9E668052-2C0C-4B3D-929E-13DAF576C37F}.Release|x64.ActiveCfg = Release|Any CPU
		{9E668052-2C0C-4B3D-929E-13DAF576C37F}.Release|x64.Build.0 = Release|Any CPU
		{9E668052-2C0C-4B3D-929E-13DAF576C37F}.Release|x86.ActiveCfg = Release|Any CPU
		{9E668052-2C0C-4B3D-929E-13DAF576C37F}.Release|x86.Build.0 = Release|Any CPU
	EndGlobalSection
EndGlobal
